
Microsoft Visual Studio Solution File, Format Version 12.00
# Visual Studio Version 17
VisualStudioVersion = 17.11.35222.181
MinimumVisualStudioVersion = 10.0.40219.1
Project("{FAE04EC0-301F-11D3-BF4B-00C04F79EFBC}") = "OOP-Assignment", "OOP-Assignment.csproj", "{3E7AA15C-C7A2-4233-9BE3-1D677011258B}"
EndProject
Global
	GlobalSection(SolutionConfigurationPlatforms) = preSolution
		Debug|Any CPU = Debug|Any CPU
		Release|Any CPU = Release|Any CPU
	EndGlobalSection
	GlobalSection(ProjectConfigurationPlatforms) = postSolution
		{3E7AA15C-C7A2-4233-9BE3-1D677011258B}.Debug|Any CPU.ActiveCfg = Debug|Any CPU
		{3E7AA15C-C7A2-4233-9BE3-1D677011258B}.Debug|Any CPU.Build.0 = Debug|Any CPU
		{3E7AA15C-C7A2-4233-9BE3-1D677011258B}.Release|Any CPU.ActiveCfg = Release|Any CPU
		{3E7AA15C-C7A2-4233-9BE3-1D677011258B}.Release|Any CPU.Build.0 = Release|Any CPU
	EndGlobalSection
	GlobalSection(SolutionProperties) = preSolution
		HideSolutionNode = FALSE
	EndGlobalSection
	GlobalSection(ExtensibilityGlobals) = postSolution
		SolutionGuid = {3B41CE42-D31D-49F9-AA04-7E37246C8912}
	EndGlobalSection
EndGlobal
